
Microsoft Visual Studio Solution File, Format Version 12.00
# Visual Studio Version 17
VisualStudioVersion = 17.3.32825.248
MinimumVisualStudioVersion = 10.0.40219.1
Project("{9A19103F-16F7-4668-BE54-9A1E7A4F7556}") = "Saga", "Saga\Saga.csproj", "{89C44D28-13BD-42A3-B004-5F5AAA43BCF2}"
EndProject
Project("{9A19103F-16F7-4668-BE54-9A1E7A4F7556}") = "Common", "Common\Common\Common.csproj", "{9358FD72-8016-4139-84EC-DF062085A935}"
EndProject
Project("{9A19103F-16F7-4668-BE54-9A1E7A4F7556}") = "BaseRepository", "BaseRepository\BaseRepository.csproj", "{AD5202E4-A962-479C-869A-B906E6DF5D70}"
EndProject
Project("{2150E333-8FDC-42A3-9474-1A3956D46DE8}") = "Solution Items", "Solution Items", "{D1FD2E69-0AA9-4117-B849-BD0420F6A5A4}"
	ProjectSection(SolutionItems) = preProject
		.editorconfig = .editorconfig
		DomainLayers.txt = DomainLayers.txt
		Observations.txt = Observations.txt
		README.md = README.md
		ToDo.txt = ToDo.txt
	EndProjectSection
EndProject
Project("{9A19103F-16F7-4668-BE54-9A1E7A4F7556}") = "People", "People\People.csproj", "{40F940D2-3CEC-4328-868C-414341E6AEC1}"
EndProject
Project("{9A19103F-16F7-4668-BE54-9A1E7A4F7556}") = "Vehicle", "Vehicle\Vehicle.csproj", "{36655E0D-F3E4-472A-A886-80310B502BE5}"
EndProject
Project("{9A19103F-16F7-4668-BE54-9A1E7A4F7556}") = "API", "API\API.csproj", "{3E0770EE-A475-4C9E-82F2-77A83B5F5E04}"
EndProject
Project("{9A19103F-16F7-4668-BE54-9A1E7A4F7556}") = "Security", "Security\Security.csproj", "{AF818DB5-98B8-4FCC-A6AD-D3C7FED05457}"
EndProject
Global
	GlobalSection(SolutionConfigurationPlatforms) = preSolution
		Debug|Any CPU = Debug|Any CPU
		Release|Any CPU = Release|Any CPU
	EndGlobalSection
	GlobalSection(ProjectConfigurationPlatforms) = postSolution
		{89C44D28-13BD-42A3-B004-5F5AAA43BCF2}.Debug|Any CPU.ActiveCfg = Debug|Any CPU
		{89C44D28-13BD-42A3-B004-5F5AAA43BCF2}.Debug|Any CPU.Build.0 = Debug|Any CPU
		{89C44D28-13BD-42A3-B004-5F5AAA43BCF2}.Release|Any CPU.ActiveCfg = Release|Any CPU
		{89C44D28-13BD-42A3-B004-5F5AAA43BCF2}.Release|Any CPU.Build.0 = Release|Any CPU
		{9358FD72-8016-4139-84EC-DF062085A935}.Debug|Any CPU.ActiveCfg = Debug|Any CPU
		{9358FD72-8016-4139-84EC-DF062085A935}.Debug|Any CPU.Build.0 = Debug|Any CPU
		{9358FD72-8016-4139-84EC-DF062085A935}.Release|Any CPU.ActiveCfg = Release|Any CPU
		{9358FD72-8016-4139-84EC-DF062085A935}.Release|Any CPU.Build.0 = Release|Any CPU
		{AD5202E4-A962-479C-869A-B906E6DF5D70}.Debug|Any CPU.ActiveCfg = Debug|Any CPU
		{AD5202E4-A962-479C-869A-B906E6DF5D70}.Debug|Any CPU.Build.0 = Debug|Any CPU
		{AD5202E4-A962-479C-869A-B906E6DF5D70}.Release|Any CPU.ActiveCfg = Release|Any CPU
		{AD5202E4-A962-479C-869A-B906E6DF5D70}.Release|Any CPU.Build.0 = Release|Any CPU
		{40F940D2-3CEC-4328-868C-414341E6AEC1}.Debug|Any CPU.ActiveCfg = Debug|Any CPU
		{40F940D2-3CEC-4328-868C-414341E6AEC1}.Debug|Any CPU.Build.0 = Debug|Any CPU
		{40F940D2-3CEC-4328-868C-414341E6AEC1}.Release|Any CPU.ActiveCfg = Release|Any CPU
		{40F940D2-3CEC-4328-868C-414341E6AEC1}.Release|Any CPU.Build.0 = Release|Any CPU
		{36655E0D-F3E4-472A-A886-80310B502BE5}.Debug|Any CPU.ActiveCfg = Debug|Any CPU
		{36655E0D-F3E4-472A-A886-80310B502BE5}.Debug|Any CPU.Build.0 = Debug|Any CPU
		{36655E0D-F3E4-472A-A886-80310B502BE5}.Release|Any CPU.ActiveCfg = Release|Any CPU
		{36655E0D-F3E4-472A-A886-80310B502BE5}.Release|Any CPU.Build.0 = Release|Any CPU
		{3E0770EE-A475-4C9E-82F2-77A83B5F5E04}.Debug|Any CPU.ActiveCfg = Debug|Any CPU
		{3E0770EE-A475-4C9E-82F2-77A83B5F5E04}.Debug|Any CPU.Build.0 = Debug|Any CPU
		{3E0770EE-A475-4C9E-82F2-77A83B5F5E04}.Release|Any CPU.ActiveCfg = Release|Any CPU
		{3E0770EE-A475-4C9E-82F2-77A83B5F5E04}.Release|Any CPU.Build.0 = Release|Any CPU
		{AF818DB5-98B8-4FCC-A6AD-D3C7FED05457}.Debug|Any CPU.ActiveCfg = Debug|Any CPU
		{AF818DB5-98B8-4FCC-A6AD-D3C7FED05457}.Debug|Any CPU.Build.0 = Debug|Any CPU
		{AF818DB5-98B8-4FCC-A6AD-D3C7FED05457}.Release|Any CPU.ActiveCfg = Release|Any CPU
		{AF818DB5-98B8-4FCC-A6AD-D3C7FED05457}.Release|Any CPU.Build.0 = Release|Any CPU
	EndGlobalSection
	GlobalSection(SolutionProperties) = preSolution
		HideSolutionNode = FALSE
	EndGlobalSection
	GlobalSection(ExtensibilityGlobals) = postSolution
		SolutionGuid = {18E3DF9D-C036-454F-AEFA-46BDD078F252}
	EndGlobalSection
EndGlobal
